
Microsoft Visual Studio Solution File, Format Version 12.00
# Visual Studio 15
Project("{FAE04EC0-301F-11D3-BF4B-00C04F79EFBC}") = "UnityEngine.UI", "UnityEngine.UI.csproj", "{DBBF8D61-4878-F849-8ED7-F3E9A473A462}"
EndProject
Project("{FAE04EC0-301F-11D3-BF4B-00C04F79EFBC}") = "Assembly-CSharp", "Assembly-CSharp.csproj", "{4A8DA043-4FE9-5C67-AF8C-095CFB230170}"
EndProject
Project("{FAE04EC0-301F-11D3-BF4B-00C04F79EFBC}") = "UnityEditor.UI", "UnityEditor.UI.csproj", "{4C064D84-EBC0-96D6-0D2A-D61E0B793E4B}"
EndProject
Project("{FAE04EC0-301F-11D3-BF4B-00C04F79EFBC}") = "Unity.2D.Sprite.Editor", "Unity.2D.Sprite.Editor.csproj", "{4CE783F6-5995-3D98-9E1E-DD89660F6CE1}"
EndProject
Project("{FAE04EC0-301F-11D3-BF4B-00C04F79EFBC}") = "Unity.2D.Tilemap.Editor", "Unity.2D.Tilemap.Editor.csproj", "{40B3CA1D-260A-CE6B-0811-D53E478A7A13}"
EndProject
Global
	GlobalSection(SolutionConfigurationPlatforms) = preSolution
		Debug|Any CPU = Debug|Any CPU
		Release|Any CPU = Release|Any CPU
	EndGlobalSection
	GlobalSection(ProjectConfigurationPlatforms) = postSolution
		{DBBF8D61-4878-F849-8ED7-F3E9A473A462}.Debug|Any CPU.ActiveCfg = Debug|Any CPU
		{DBBF8D61-4878-F849-8ED7-F3E9A473A462}.Debug|Any CPU.Build.0 = Debug|Any CPU
		{DBBF8D61-4878-F849-8ED7-F3E9A473A462}.Release|Any CPU.ActiveCfg = Release|Any CPU
		{DBBF8D61-4878-F849-8ED7-F3E9A473A462}.Release|Any CPU.Build.0 = Release|Any CPU
		{4A8DA043-4FE9-5C67-AF8C-095CFB230170}.Debug|Any CPU.ActiveCfg = Debug|Any CPU
		{4A8DA043-4FE9-5C67-AF8C-095CFB230170}.Debug|Any CPU.Build.0 = Debug|Any CPU
		{4A8DA043-4FE9-5C67-AF8C-095CFB230170}.Release|Any CPU.ActiveCfg = Release|Any CPU
		{4A8DA043-4FE9-5C67-AF8C-095CFB230170}.Release|Any CPU.Build.0 = Release|Any CPU
		{4C064D84-EBC0-96D6-0D2A-D61E0B793E4B}.Debug|Any CPU.ActiveCfg = Debug|Any CPU
		{4C064D84-EBC0-96D6-0D2A-D61E0B793E4B}.Debug|Any CPU.Build.0 = Debug|Any CPU
		{4C064D84-EBC0-96D6-0D2A-D61E0B793E4B}.Release|Any CPU.ActiveCfg = Release|Any CPU
		{4C064D84-EBC0-96D6-0D2A-D61E0B793E4B}.Release|Any CPU.Build.0 = Release|Any CPU
		{4CE783F6-5995-3D98-9E1E-DD89660F6CE1}.Debug|Any CPU.ActiveCfg = Debug|Any CPU
		{4CE783F6-5995-3D98-9E1E-DD89660F6CE1}.Debug|Any CPU.Build.0 = Debug|Any CPU
		{4CE783F6-5995-3D98-9E1E-DD89660F6CE1}.Release|Any CPU.ActiveCfg = Release|Any CPU
		{4CE783F6-5995-3D98-9E1E-DD89660F6CE1}.Release|Any CPU.Build.0 = Release|Any CPU
		{40B3CA1D-260A-CE6B-0811-D53E478A7A13}.Debug|Any CPU.ActiveCfg = Debug|Any CPU
		{40B3CA1D-260A-CE6B-0811-D53E478A7A13}.Debug|Any CPU.Build.0 = Debug|Any CPU
		{40B3CA1D-260A-CE6B-0811-D53E478A7A13}.Release|Any CPU.ActiveCfg = Release|Any CPU
		{40B3CA1D-260A-CE6B-0811-D53E478A7A13}.Release|Any CPU.Build.0 = Release|Any CPU
	EndGlobalSection
	GlobalSection(SolutionProperties) = preSolution
		HideSolutionNode = FALSE
	EndGlobalSection
EndGlobal
